{
  "name": "recoverable-error",
  "version": "1.0.0",
  "lockfileVersion": 1,
  "requires": true,
  "dependencies": {
    "acorn": {
      "version": "7.1.1",
      "resolved": "https://registry.npmjs.org/acorn/-/acorn-7.1.1.tgz",
      "integrity": "sha512-add7dgA5ppRPxCFJoAGfMDi7PIBXq1RtGo7BhbLaxwrXPOmw8gq48Y9ozT01hUKy9byMjlR20EJhu5zlkErEkg=="
    },
    "acorn-class-fields": {
      "version": "0.3.2",
      "resolved": "https://registry.npmjs.org/acorn-class-fields/-/acorn-class-fields-0.3.2.tgz",
      "integrity": "sha512-wyqXoqzXSOF42uxHo40TMuC/KfloI66AZz6S1TeK8D2HjKzI7Boq1mSH2pB5RwKEJWgHqnewGpRFRZwR0qQCyQ==",
      "requires": {
        "acorn-private-class-elements": "^0.2.5"
      }
    },
    "acorn-numeric-separator": {
      "version": "0.3.1",
      "resolved": "https://registry.npmjs.org/acorn-numeric-separator/-/acorn-numeric-separator-0.3.1.tgz",
      "integrity": "sha512-Rv2gFCK8IXvbXtNjPJz7/KCH7qb7PCBwuwp8H3JBWUehLRd3e3lLZAdOXLIm8MGsmvzHKJvskwRaXndtEQFvRA=="
    },
    "acorn-private-class-elements": {
      "version": "0.2.5",
      "resolved": "https://registry.npmjs.org/acorn-private-class-elements/-/acorn-private-class-elements-0.2.5.tgz",
      "integrity": "sha512-3eApRrJmPjaxWB3XidP8YMeVq9pcswPFE0KsSWVuhceCU68ZS8fkcf0fTXGhCmnNd7n48NWWV27EKMFPeCoJLg=="
    },
    "acorn-private-methods": {
      "version": "0.3.1",
      "resolved": "https://registry.npmjs.org/acorn-private-methods/-/acorn-private-methods-0.3.1.tgz",
      "integrity": "sha512-IV5XZInFQaQK5ucjJy/HAk2UYvt+Buax00evzwo8NSuo8zhOBhW5v6VOjAljYUhAzQ/Hosi+Kaz6xJmvPiSM4Q==",
      "requires": {
        "acorn-private-class-elements": "^0.2.4"
      }
    },
    "acorn-static-class-features": {
      "version": "0.2.1",
      "resolved": "https://registry.npmjs.org/acorn-static-class-features/-/acorn-static-class-features-0.2.1.tgz",
      "integrity": "sha512-eLIAEBFwu1bcZD+39u5PAcAargtkI5tY1uDRQV6SB3zY4JIO0vqvSdtZ8hz1GGZIVY/d3RDxkM9BLTPTNNVwGw==",
      "requires": {
        "acorn-private-class-elements": "^0.2.3"
      }
    }
  }
}
